
Microsoft Visual Studio Solution File, Format Version 12.00
# Visual Studio Version 17
VisualStudioVersion = 17.3.32825.248
MinimumVisualStudioVersion = 10.0.40219.1
Project("{2150E333-8FDC-42A3-9474-1A3956D46DE8}") = "src", "src", "{34DB1BE2-10AF-42FD-AF24-03A33D266250}"
EndProject
Project("{2150E333-8FDC-42A3-9474-1A3956D46DE8}") = "ApiGateways", "ApiGateways", "{7D16B985-8F0D-4252-9596-D9807A9F2396}"
EndProject
Project("{2150E333-8FDC-42A3-9474-1A3956D46DE8}") = "Building Blocks", "Building Blocks", "{8A764B18-F3CE-4D98-8A9F-CC66654E7D1B}"
EndProject
Project("{2150E333-8FDC-42A3-9474-1A3956D46DE8}") = "Services", "Services", "{B730D771-45CB-4E77-AA2B-EBAFBF9CF7A6}"
EndProject
Project("{2150E333-8FDC-42A3-9474-1A3956D46DE8}") = "Web", "Web", "{B98D302A-13F2-4114-8722-A4900FFBB02E}"
EndProject
Project("{2150E333-8FDC-42A3-9474-1A3956D46DE8}") = "Core", "Core", "{7B94F5F3-AC78-4C66-BB99-AF3CF2753043}"
EndProject
Project("{2150E333-8FDC-42A3-9474-1A3956D46DE8}") = "MessageBus", "MessageBus", "{1169712F-38DC-40EC-8814-7E9B6BB74E3E}"
EndProject
Project("{2150E333-8FDC-42A3-9474-1A3956D46DE8}") = "Services", "Services", "{4095F269-1FBF-4133-BA4C-AB62C00444C2}"
EndProject
Project("{2150E333-8FDC-42A3-9474-1A3956D46DE8}") = "Cliente", "Cliente", "{DE82A7A0-35FF-4807-9ACC-70100426C058}"
EndProject
Project("{9A19103F-16F7-4668-BE54-9A1E7A4F7556}") = "MSFP.Core", "src\MSFP.Core\MSFP.Core.csproj", "{60A68E55-786A-4E3D-84B5-062D5E681EF6}"
EndProject
Project("{9A19103F-16F7-4668-BE54-9A1E7A4F7556}") = "MSFP.MessageBus", "src\MSFP.MessageBus\MSFP.MessageBus.csproj", "{22319958-57BC-41F9-826A-4A16FE5CCD0D}"
EndProject
Project("{9A19103F-16F7-4668-BE54-9A1E7A4F7556}") = "MSFP.Cliente.API", "src\MSFP.Cliente.API\MSFP.Cliente.API.csproj", "{5D4C26B7-9E08-46F1-BA7F-35170674A317}"
EndProject
Project("{9A19103F-16F7-4668-BE54-9A1E7A4F7556}") = "MSFP.WebAPI.Core", "src\MSFP.WebApi.Core\MSFP.WebAPI.Core.csproj", "{A452D6EA-EF2E-487F-BDDD-CD45D932C3C7}"
EndProject
Project("{FAE04EC0-301F-11D3-BF4B-00C04F79EFBC}") = "MSFP.Cliente.Domain", "src\MSFP.Cliente.Domain\MSFP.Cliente.Domain.csproj", "{68D98DCD-FBAF-4D9F-872C-19B12446530E}"
EndProject
Project("{FAE04EC0-301F-11D3-BF4B-00C04F79EFBC}") = "MSFP.Cliente.Infra", "src\MSFP.Client.Infra\MSFP.Cliente.Infra.csproj", "{01116092-FC87-4AD6-BB7D-22AC1CA15375}"
EndProject
Global
	GlobalSection(SolutionConfigurationPlatforms) = preSolution
		Debug|Any CPU = Debug|Any CPU
		Release|Any CPU = Release|Any CPU
	EndGlobalSection
	GlobalSection(ProjectConfigurationPlatforms) = postSolution
		{60A68E55-786A-4E3D-84B5-062D5E681EF6}.Debug|Any CPU.ActiveCfg = Debug|Any CPU
		{60A68E55-786A-4E3D-84B5-062D5E681EF6}.Debug|Any CPU.Build.0 = Debug|Any CPU
		{60A68E55-786A-4E3D-84B5-062D5E681EF6}.Release|Any CPU.ActiveCfg = Release|Any CPU
		{60A68E55-786A-4E3D-84B5-062D5E681EF6}.Release|Any CPU.Build.0 = Release|Any CPU
		{22319958-57BC-41F9-826A-4A16FE5CCD0D}.Debug|Any CPU.ActiveCfg = Debug|Any CPU
		{22319958-57BC-41F9-826A-4A16FE5CCD0D}.Debug|Any CPU.Build.0 = Debug|Any CPU
		{22319958-57BC-41F9-826A-4A16FE5CCD0D}.Release|Any CPU.ActiveCfg = Release|Any CPU
		{22319958-57BC-41F9-826A-4A16FE5CCD0D}.Release|Any CPU.Build.0 = Release|Any CPU
		{5D4C26B7-9E08-46F1-BA7F-35170674A317}.Debug|Any CPU.ActiveCfg = Debug|Any CPU
		{5D4C26B7-9E08-46F1-BA7F-35170674A317}.Debug|Any CPU.Build.0 = Debug|Any CPU
		{5D4C26B7-9E08-46F1-BA7F-35170674A317}.Release|Any CPU.ActiveCfg = Release|Any CPU
		{5D4C26B7-9E08-46F1-BA7F-35170674A317}.Release|Any CPU.Build.0 = Release|Any CPU
		{A452D6EA-EF2E-487F-BDDD-CD45D932C3C7}.Debug|Any CPU.ActiveCfg = Debug|Any CPU
		{A452D6EA-EF2E-487F-BDDD-CD45D932C3C7}.Debug|Any CPU.Build.0 = Debug|Any CPU
		{A452D6EA-EF2E-487F-BDDD-CD45D932C3C7}.Release|Any CPU.ActiveCfg = Release|Any CPU
		{A452D6EA-EF2E-487F-BDDD-CD45D932C3C7}.Release|Any CPU.Build.0 = Release|Any CPU
		{68D98DCD-FBAF-4D9F-872C-19B12446530E}.Debug|Any CPU.ActiveCfg = Debug|Any CPU
		{68D98DCD-FBAF-4D9F-872C-19B12446530E}.Debug|Any CPU.Build.0 = Debug|Any CPU
		{68D98DCD-FBAF-4D9F-872C-19B12446530E}.Release|Any CPU.ActiveCfg = Release|Any CPU
		{68D98DCD-FBAF-4D9F-872C-19B12446530E}.Release|Any CPU.Build.0 = Release|Any CPU
		{01116092-FC87-4AD6-BB7D-22AC1CA15375}.Debug|Any CPU.ActiveCfg = Debug|Any CPU
		{01116092-FC87-4AD6-BB7D-22AC1CA15375}.Debug|Any CPU.Build.0 = Debug|Any CPU
		{01116092-FC87-4AD6-BB7D-22AC1CA15375}.Release|Any CPU.ActiveCfg = Release|Any CPU
		{01116092-FC87-4AD6-BB7D-22AC1CA15375}.Release|Any CPU.Build.0 = Release|Any CPU
	EndGlobalSection
	GlobalSection(SolutionProperties) = preSolution
		HideSolutionNode = FALSE
	EndGlobalSection
	GlobalSection(NestedProjects) = preSolution
		{7D16B985-8F0D-4252-9596-D9807A9F2396} = {34DB1BE2-10AF-42FD-AF24-03A33D266250}
		{8A764B18-F3CE-4D98-8A9F-CC66654E7D1B} = {34DB1BE2-10AF-42FD-AF24-03A33D266250}
		{B730D771-45CB-4E77-AA2B-EBAFBF9CF7A6} = {34DB1BE2-10AF-42FD-AF24-03A33D266250}
		{B98D302A-13F2-4114-8722-A4900FFBB02E} = {34DB1BE2-10AF-42FD-AF24-03A33D266250}
		{7B94F5F3-AC78-4C66-BB99-AF3CF2753043} = {8A764B18-F3CE-4D98-8A9F-CC66654E7D1B}
		{1169712F-38DC-40EC-8814-7E9B6BB74E3E} = {8A764B18-F3CE-4D98-8A9F-CC66654E7D1B}
		{4095F269-1FBF-4133-BA4C-AB62C00444C2} = {8A764B18-F3CE-4D98-8A9F-CC66654E7D1B}
		{DE82A7A0-35FF-4807-9ACC-70100426C058} = {B730D771-45CB-4E77-AA2B-EBAFBF9CF7A6}
		{60A68E55-786A-4E3D-84B5-062D5E681EF6} = {7B94F5F3-AC78-4C66-BB99-AF3CF2753043}
		{22319958-57BC-41F9-826A-4A16FE5CCD0D} = {1169712F-38DC-40EC-8814-7E9B6BB74E3E}
		{5D4C26B7-9E08-46F1-BA7F-35170674A317} = {DE82A7A0-35FF-4807-9ACC-70100426C058}
		{A452D6EA-EF2E-487F-BDDD-CD45D932C3C7} = {4095F269-1FBF-4133-BA4C-AB62C00444C2}
		{68D98DCD-FBAF-4D9F-872C-19B12446530E} = {DE82A7A0-35FF-4807-9ACC-70100426C058}
		{01116092-FC87-4AD6-BB7D-22AC1CA15375} = {DE82A7A0-35FF-4807-9ACC-70100426C058}
	EndGlobalSection
	GlobalSection(ExtensibilityGlobals) = postSolution
		SolutionGuid = {3685FEF1-AC82-463D-ABC5-B24D7B827703}
	EndGlobalSection
EndGlobal
